
Microsoft Visual Studio Solution File, Format Version 12.00
# Visual Studio 15
VisualStudioVersion = 15.0.28307.705
MinimumVisualStudioVersion = 10.0.40219.1
Project("{8BC9CEB8-8B4A-11D0-8D11-00A0C91BC942}") = "Medium", "Medium\Medium.vcxproj", "{771CA1BC-B419-4548-ABA0-6E9C5E135831}"
EndProject
Project("{8BC9CEB8-8B4A-11D0-8D11-00A0C91BC942}") = "Easy", "Easy\Easy.vcxproj", "{E514166C-5933-46B2-B0CC-DDEB85F7A179}"
EndProject
Project("{8BC9CEB8-8B4A-11D0-8D11-00A0C91BC942}") = "Easy_UnitTest", "Easy_UnitTest\Easy_UnitTest.vcxproj", "{8C218190-EB7E-460B-8DAD-F78231F0BC25}"
EndProject
Project("{8BC9CEB8-8B4A-11D0-8D11-00A0C91BC942}") = "Medium_UnitTest", "Medium_UnitTest\Medium_UnitTest.vcxproj", "{7C2BF43B-F9DB-4C6E-8EB6-C637F9EC922F}"
EndProject
Project("{8BC9CEB8-8B4A-11D0-8D11-00A0C91BC942}") = "Base", "Base\Base.vcxproj", "{10A8485C-7245-481C-AB25-DEB34112767F}"
EndProject
Project("{888888A0-9F3D-457C-B088-3A5042F75D52}") = "MediumPy", "MediumPy\MediumPy.pyproj", "{FA890D61-427F-4C92-918A-E578650DCFDD}"
EndProject
Global
	GlobalSection(SolutionConfigurationPlatforms) = preSolution
		Debug|Any CPU = Debug|Any CPU
		Debug|x64 = Debug|x64
		Debug|x86 = Debug|x86
		Release|Any CPU = Release|Any CPU
		Release|x64 = Release|x64
		Release|x86 = Release|x86
	EndGlobalSection
	GlobalSection(ProjectConfigurationPlatforms) = postSolution
		{771CA1BC-B419-4548-ABA0-6E9C5E135831}.Debug|Any CPU.ActiveCfg = Debug|Win32
		{771CA1BC-B419-4548-ABA0-6E9C5E135831}.Debug|x64.ActiveCfg = Debug|x64
		{771CA1BC-B419-4548-ABA0-6E9C5E135831}.Debug|x64.Build.0 = Debug|x64
		{771CA1BC-B419-4548-ABA0-6E9C5E135831}.Debug|x86.ActiveCfg = Debug|Win32
		{771CA1BC-B419-4548-ABA0-6E9C5E135831}.Debug|x86.Build.0 = Debug|Win32
		{771CA1BC-B419-4548-ABA0-6E9C5E135831}.Release|Any CPU.ActiveCfg = Release|Win32
		{771CA1BC-B419-4548-ABA0-6E9C5E135831}.Release|x64.ActiveCfg = Release|x64
		{771CA1BC-B419-4548-ABA0-6E9C5E135831}.Release|x64.Build.0 = Release|x64
		{771CA1BC-B419-4548-ABA0-6E9C5E135831}.Release|x86.ActiveCfg = Release|Win32
		{771CA1BC-B419-4548-ABA0-6E9C5E135831}.Release|x86.Build.0 = Release|Win32
		{E514166C-5933-46B2-B0CC-DDEB85F7A179}.Debug|Any CPU.ActiveCfg = Debug|Win32
		{E514166C-5933-46B2-B0CC-DDEB85F7A179}.Debug|x64.ActiveCfg = Debug|x64
		{E514166C-5933-46B2-B0CC-DDEB85F7A179}.Debug|x64.Build.0 = Debug|x64
		{E514166C-5933-46B2-B0CC-DDEB85F7A179}.Debug|x86.ActiveCfg = Debug|Win32
		{E514166C-5933-46B2-B0CC-DDEB85F7A179}.Debug|x86.Build.0 = Debug|Win32
		{E514166C-5933-46B2-B0CC-DDEB85F7A179}.Release|Any CPU.ActiveCfg = Release|Win32
		{E514166C-5933-46B2-B0CC-DDEB85F7A179}.Release|x64.ActiveCfg = Release|x64
		{E514166C-5933-46B2-B0CC-DDEB85F7A179}.Release|x64.Build.0 = Release|x64
		{E514166C-5933-46B2-B0CC-DDEB85F7A179}.Release|x86.ActiveCfg = Release|Win32
		{E514166C-5933-46B2-B0CC-DDEB85F7A179}.Release|x86.Build.0 = Release|Win32
		{8C218190-EB7E-460B-8DAD-F78231F0BC25}.Debug|Any CPU.ActiveCfg = Debug|Win32
		{8C218190-EB7E-460B-8DAD-F78231F0BC25}.Debug|x64.ActiveCfg = Debug|x64
		{8C218190-EB7E-460B-8DAD-F78231F0BC25}.Debug|x64.Build.0 = Debug|x64
		{8C218190-EB7E-460B-8DAD-F78231F0BC25}.Debug|x86.ActiveCfg = Debug|Win32
		{8C218190-EB7E-460B-8DAD-F78231F0BC25}.Debug|x86.Build.0 = Debug|Win32
		{8C218190-EB7E-460B-8DAD-F78231F0BC25}.Release|Any CPU.ActiveCfg = Release|Win32
		{8C218190-EB7E-460B-8DAD-F78231F0BC25}.Release|x64.ActiveCfg = Release|x64
		{8C218190-EB7E-460B-8DAD-F78231F0BC25}.Release|x64.Build.0 = Release|x64
		{8C218190-EB7E-460B-8DAD-F78231F0BC25}.Release|x86.ActiveCfg = Release|Win32
		{8C218190-EB7E-460B-8DAD-F78231F0BC25}.Release|x86.Build.0 = Release|Win32
		{7C2BF43B-F9DB-4C6E-8EB6-C637F9EC922F}.Debug|Any CPU.ActiveCfg = Debug|Win32
		{7C2BF43B-F9DB-4C6E-8EB6-C637F9EC922F}.Debug|x64.ActiveCfg = Debug|x64
		{7C2BF43B-F9DB-4C6E-8EB6-C637F9EC922F}.Debug|x64.Build.0 = Debug|x64
		{7C2BF43B-F9DB-4C6E-8EB6-C637F9EC922F}.Debug|x86.ActiveCfg = Debug|Win32
		{7C2BF43B-F9DB-4C6E-8EB6-C637F9EC922F}.Debug|x86.Build.0 = Debug|Win32
		{7C2BF43B-F9DB-4C6E-8EB6-C637F9EC922F}.Release|Any CPU.ActiveCfg = Release|Win32
		{7C2BF43B-F9DB-4C6E-8EB6-C637F9EC922F}.Release|x64.ActiveCfg = Release|x64
		{7C2BF43B-F9DB-4C6E-8EB6-C637F9EC922F}.Release|x64.Build.0 = Release|x64
		{7C2BF43B-F9DB-4C6E-8EB6-C637F9EC922F}.Release|x86.ActiveCfg = Release|Win32
		{7C2BF43B-F9DB-4C6E-8EB6-C637F9EC922F}.Release|x86.Build.0 = Release|Win32
		{10A8485C-7245-481C-AB25-DEB34112767F}.Debug|Any CPU.ActiveCfg = Debug|Win32
		{10A8485C-7245-481C-AB25-DEB34112767F}.Debug|x64.ActiveCfg = Debug|x64
		{10A8485C-7245-481C-AB25-DEB34112767F}.Debug|x64.Build.0 = Debug|x64
		{10A8485C-7245-481C-AB25-DEB34112767F}.Debug|x86.ActiveCfg = Debug|Win32
		{10A8485C-7245-481C-AB25-DEB34112767F}.Debug|x86.Build.0 = Debug|Win32
		{10A8485C-7245-481C-AB25-DEB34112767F}.Release|Any CPU.ActiveCfg = Release|Win32
		{10A8485C-7245-481C-AB25-DEB34112767F}.Release|x64.ActiveCfg = Release|x64
		{10A8485C-7245-481C-AB25-DEB34112767F}.Release|x64.Build.0 = Release|x64
		{10A8485C-7245-481C-AB25-DEB34112767F}.Release|x86.ActiveCfg = Release|Win32
		{10A8485C-7245-481C-AB25-DEB34112767F}.Release|x86.Build.0 = Release|Win32
		{FA890D61-427F-4C92-918A-E578650DCFDD}.Debug|Any CPU.ActiveCfg = Debug|Any CPU
		{FA890D61-427F-4C92-918A-E578650DCFDD}.Debug|x64.ActiveCfg = Debug|Any CPU
		{FA890D61-427F-4C92-918A-E578650DCFDD}.Debug|x86.ActiveCfg = Debug|Any CPU
		{FA890D61-427F-4C92-918A-E578650DCFDD}.Release|Any CPU.ActiveCfg = Release|Any CPU
		{FA890D61-427F-4C92-918A-E578650DCFDD}.Release|x64.ActiveCfg = Release|Any CPU
		{FA890D61-427F-4C92-918A-E578650DCFDD}.Release|x86.ActiveCfg = Release|Any CPU
	EndGlobalSection
	GlobalSection(SolutionProperties) = preSolution
		HideSolutionNode = FALSE
	EndGlobalSection
	GlobalSection(ExtensibilityGlobals) = postSolution
		SolutionGuid = {8796CA95-D562-4CBA-A834-A052FF3CE451}
	EndGlobalSection
EndGlobal
