<?xml version="1.0" encoding="utf-8"?>
<Project ToolsVersion="4.0" xmlns="http://schemas.microsoft.com/developer/msbuild/2003">
  <ItemGroup>
    <Filter Include="源文件">
      <UniqueIdentifier>{4FC737F1-C7A5-4376-A066-2A32D752A2FF}</UniqueIdentifier>
      <Extensions>cpp;c;cc;cxx;def;odl;idl;hpj;bat;asm;asmx</Extensions>
    </Filter>
    <Filter Include="头文件">
      <UniqueIdentifier>{93995380-89BD-4b04-88EB-625FBE52EBFB}</UniqueIdentifier>
      <Extensions>h;hh;hpp;hxx;hm;inl;inc;ipp;xsd</Extensions>
    </Filter>
    <Filter Include="资源文件">
      <UniqueIdentifier>{67DA6AB6-F800-4c08-8B7A-83BB121AAD01}</UniqueIdentifier>
      <Extensions>rc;ico;cur;bmp;dlg;rc2;rct;bin;rgs;gif;jpg;jpeg;jpe;resx;tiff;tif;png;wav;mfcribbon-ms</Extensions>
    </Filter>
  </ItemGroup>
  <ItemGroup>
    <ClInclude Include="stdafx.h">
      <Filter>头文件</Filter>
    </ClInclude>
    <ClInclude Include="targetver.h">
      <Filter>头文件</Filter>
    </ClInclude>
  </ItemGroup>
  <ItemGroup>
    <ClCompile Include="438_FIndAllAnagramInAString.cpp">
      <Filter>源文件</Filter>
    </ClCompile>
    <ClCompile Include="447_NumbersOfBoomeranges.cpp">
      <Filter>源文件</Filter>
    </ClCompile>
    <ClCompile Include="448_FindAllNumbersDisappearedInAnArray.cpp">
      <Filter>源文件</Filter>
    </ClCompile>
    <ClCompile Include="532. K-diff Pairs in an Array.cpp">
      <Filter>源文件</Filter>
    </ClCompile>
    <ClCompile Include="594. Longest Harmonious Subsequence.cpp">
      <Filter>源文件</Filter>
    </ClCompile>
    <ClCompile Include="599. Minimum Index Sum of Two Lists.cpp">
      <Filter>源文件</Filter>
    </ClCompile>
    <ClCompile Include="628. Maximum Product of Three Numbers.cpp">
      <Filter>源文件</Filter>
    </ClCompile>
    <ClCompile Include="643. Maximum Average Subarray I.cpp">
      <Filter>源文件</Filter>
    </ClCompile>
    <ClCompile Include="703. Kth Largest Element in a Stream.cpp">
      <Filter>源文件</Filter>
    </ClCompile>
    <ClCompile Include="705. Design HashSet.cpp">
      <Filter>源文件</Filter>
    </ClCompile>
    <ClCompile Include="706. Design HashMap.cpp">
      <Filter>源文件</Filter>
    </ClCompile>
    <ClCompile Include="707. Design Linked List.cpp">
      <Filter>源文件</Filter>
    </ClCompile>
    <ClCompile Include="733. Flood Fill.cpp">
      <Filter>源文件</Filter>
    </ClCompile>
    <ClCompile Include="743. Network Delay Time.cpp">
      <Filter>源文件</Filter>
    </ClCompile>
    <ClCompile Include="746. Min Cost Climbing Stairs.cpp">
      <Filter>源文件</Filter>
    </ClCompile>
    <ClCompile Include="748. Shortest Completing Word.cpp">
      <Filter>源文件</Filter>
    </ClCompile>
    <ClCompile Include="754. Reach a Number.cpp">
      <Filter>源文件</Filter>
    </ClCompile>
    <ClCompile Include="766. Toeplitz Matrix.cpp">
      <Filter>源文件</Filter>
    </ClCompile>
    <ClCompile Include="811. Subdomain Visit Count.cpp">
      <Filter>源文件</Filter>
    </ClCompile>
    <ClCompile Include="819. Most Common Word.cpp">
      <Filter>源文件</Filter>
    </ClCompile>
    <ClCompile Include="821. Shortest Distance to a Character.cpp">
      <Filter>源文件</Filter>
    </ClCompile>
    <ClCompile Include="840. Magic Squares In Grid.cpp">
      <Filter>源文件</Filter>
    </ClCompile>
    <ClCompile Include="849. Maximize Distance to Closest Person.cpp">
      <Filter>源文件</Filter>
    </ClCompile>
    <ClCompile Include="859. Buddy Strings.cpp">
      <Filter>源文件</Filter>
    </ClCompile>
    <ClCompile Include="872. Leaf-Similar Trees.cpp">
      <Filter>源文件</Filter>
    </ClCompile>
    <ClCompile Include="874. Walking Robot Simulation.cpp">
      <Filter>源文件</Filter>
    </ClCompile>
    <ClCompile Include="893. Groups of Special-Equivalent Strings.cpp">
      <Filter>源文件</Filter>
    </ClCompile>
    <ClCompile Include="896. Monotonic Array.cpp">
      <Filter>源文件</Filter>
    </ClCompile>
    <ClCompile Include="984. String Without AAA or BBB.cpp">
      <Filter>源文件</Filter>
    </ClCompile>
    <ClCompile Include="1005. Maximize Sum Of Array After K Negations.cpp">
      <Filter>源文件</Filter>
    </ClCompile>
    <ClCompile Include="1006. Clumsy Factorial.cpp">
      <Filter>源文件</Filter>
    </ClCompile>
    <ClCompile Include="1104. Path In Zigzag Labelled Binary Tree.cpp">
      <Filter>源文件</Filter>
    </ClCompile>
  </ItemGroup>
</Project>