
Microsoft Visual Studio Solution File, Format Version 12.00
# Visual Studio Version 16
VisualStudioVersion = 16.0.29009.5
MinimumVisualStudioVersion = 10.0.40219.1
Project("{8BC9CEB8-8B4A-11D0-8D11-00A0C91BC942}") = "438_FIndAllAnagramInAString", "438_FIndAllAnagramInAString\438_FIndAllAnagramInAString.vcxproj", "{67A88A99-ABCC-438E-BE32-53FB2BC3A1E5}"
EndProject
Project("{8BC9CEB8-8B4A-11D0-8D11-00A0C91BC942}") = "447_NumbersOfBoomeranges", "447_NumbersOfBoomeranges\447_NumbersOfBoomeranges.vcxproj", "{DA8498A8-7CE6-4D12-B9A0-1541AB790BDD}"
EndProject
Project("{8BC9CEB8-8B4A-11D0-8D11-00A0C91BC942}") = "448_FindAllNumbersDisappearedInAnArray", "448_FindAllNumbersDisappearedInAnArray\448_FindAllNumbersDisappearedInAnArray.vcxproj", "{AF75BFBF-C2D0-4231-9D61-29DF983F14EA}"
EndProject
Project("{8BC9CEB8-8B4A-11D0-8D11-00A0C91BC942}") = "461_HammingDistance", "461_HammingDistance\461_HammingDistance.vcxproj", "{D9D20CCB-A7D5-464C-A6A2-6EC0C038D4F9}"
EndProject
Project("{8BC9CEB8-8B4A-11D0-8D11-00A0C91BC942}") = "532. K-diff Pairs in an Array", "532. K-diff Pairs in an Array\532. K-diff Pairs in an Array.vcxproj", "{2343AF28-13EB-4218-8097-C9AC21976B4F}"
EndProject
Project("{8BC9CEB8-8B4A-11D0-8D11-00A0C91BC942}") = "594. Longest Harmonious Subsequence", "594. Longest Harmonious Subsequence\594. Longest Harmonious Subsequence.vcxproj", "{D68EA78C-4FFA-4A21-BA0F-8C9320A88DF3}"
EndProject
Project("{8BC9CEB8-8B4A-11D0-8D11-00A0C91BC942}") = "599. Minimum Index Sum of Two Lists", "599. Minimum Index Sum of Two Lists\599. Minimum Index Sum of Two Lists.vcxproj", "{49E2B6E4-78F4-4BAD-832B-588C2826FB2E}"
EndProject
Project("{8BC9CEB8-8B4A-11D0-8D11-00A0C91BC942}") = "628. Maximum Product of Three Numbers", "628. Maximum Product of Three Numbers\628. Maximum Product of Three Numbers.vcxproj", "{EDCD779E-96C8-4621-B91A-09CA02BD28F9}"
EndProject
Project("{8BC9CEB8-8B4A-11D0-8D11-00A0C91BC942}") = "643. Maximum Average Subarray I", "643. Maximum Average Subarray I\643. Maximum Average Subarray I.vcxproj", "{A42964DE-C5E9-47FF-9547-EE3D34A895E8}"
EndProject
Project("{8BC9CEB8-8B4A-11D0-8D11-00A0C91BC942}") = "733. Flood Fill", "733. Flood Fill\733. Flood Fill.vcxproj", "{898CE159-B073-42F2-99D6-39D6F078378A}"
EndProject
Project("{8BC9CEB8-8B4A-11D0-8D11-00A0C91BC942}") = "703. Kth Largest Element in a Stream", "703. Kth Largest Element in a Stream\703. Kth Largest Element in a Stream.vcxproj", "{391044BE-02AC-452C-A7A0-88FEBBDF019E}"
EndProject
Project("{8BC9CEB8-8B4A-11D0-8D11-00A0C91BC942}") = "705. Design HashSet", "705. Design HashSet\705. Design HashSet.vcxproj", "{BBD1A162-8BB4-456A-8F7F-C956A5A5EFED}"
EndProject
Project("{8BC9CEB8-8B4A-11D0-8D11-00A0C91BC942}") = "UnitTest", "UnitTest\UnitTest.vcxproj", "{C143BFC4-6068-44D5-A898-1C971DBAC243}"
EndProject
Project("{8BC9CEB8-8B4A-11D0-8D11-00A0C91BC942}") = "706. Design HashMap", "706. Design HashMap\706. Design HashMap.vcxproj", "{BA5FC05A-AD59-498C-B105-AA831253A7D4}"
EndProject
Project("{8BC9CEB8-8B4A-11D0-8D11-00A0C91BC942}") = "707. Design Linked List", "707. Design Linked List\707. Design Linked List.vcxproj", "{B49C8ED5-32A2-4822-9F67-720294380919}"
EndProject
Project("{8BC9CEB8-8B4A-11D0-8D11-00A0C91BC942}") = "743. Network Delay Time", "743. Network Delay Time\743. Network Delay Time.vcxproj", "{715DD892-2EE7-4574-A7C9-A5DC56A7343A}"
EndProject
Project("{8BC9CEB8-8B4A-11D0-8D11-00A0C91BC942}") = "746. Min Cost Climbing Stairs", "746. Min Cost Climbing Stairs\746. Min Cost Climbing Stairs.vcxproj", "{A149FF17-1376-4F09-9E22-518C5E9941FA}"
EndProject
Project("{8BC9CEB8-8B4A-11D0-8D11-00A0C91BC942}") = "748. Shortest Completing Word", "748. Shortest Completing Word\748. Shortest Completing Word.vcxproj", "{7C19F8F1-E302-4AB9-8975-50B6EB516C55}"
EndProject
Project("{8BC9CEB8-8B4A-11D0-8D11-00A0C91BC942}") = "754. Reach a Number", "754. Reach a Number\754. Reach a Number.vcxproj", "{8AF53EA2-2BE1-4761-85A0-623D9BBAB8BB}"
EndProject
Project("{8BC9CEB8-8B4A-11D0-8D11-00A0C91BC942}") = "766. Toeplitz Matrix", "766. Toeplitz Matrix\766. Toeplitz Matrix.vcxproj", "{BBEC6907-BB2F-4FB5-9FDC-7C5D7D506B4B}"
EndProject
Project("{8BC9CEB8-8B4A-11D0-8D11-00A0C91BC942}") = "811. Subdomain Visit Count", "811. Subdomain Visit Count\811. Subdomain Visit Count.vcxproj", "{3BF3546A-7F71-4691-89A7-5CE5EC2AB02B}"
EndProject
Project("{8BC9CEB8-8B4A-11D0-8D11-00A0C91BC942}") = "819. Most Common Word", "819. Most Common Word\819. Most Common Word.vcxproj", "{28A0AEAF-703B-4797-9BFA-D7B0D28ABE69}"
EndProject
Project("{8BC9CEB8-8B4A-11D0-8D11-00A0C91BC942}") = "821. Shortest Distance to a Character", "821. Shortest Distance to a Character\821. Shortest Distance to a Character.vcxproj", "{FAD67DD9-726C-4422-A844-F830F6669C67}"
EndProject
Project("{8BC9CEB8-8B4A-11D0-8D11-00A0C91BC942}") = "840. Magic Squares In Grid", "840. Magic Squares In Grid\840. Magic Squares In Grid.vcxproj", "{4D5BEA2F-1150-497F-B5C6-723F7DA82770}"
EndProject
Project("{8BC9CEB8-8B4A-11D0-8D11-00A0C91BC942}") = "849. Maximize Distance to Closest Person", "849. Maximize Distance to Closest Person\849. Maximize Distance to Closest Person.vcxproj", "{2CBB6475-F975-4358-A495-95CBA09C85CF}"
EndProject
Project("{8BC9CEB8-8B4A-11D0-8D11-00A0C91BC942}") = "859. Buddy Strings", "859. Buddy Strings\859. Buddy Strings.vcxproj", "{068D6F4C-7217-4B41-B127-06AC1EC90A74}"
EndProject
Project("{8BC9CEB8-8B4A-11D0-8D11-00A0C91BC942}") = "872. Leaf-Similar Trees", "872. Leaf-Similar Trees\872. Leaf-Similar Trees.vcxproj", "{8F690EBA-E436-4B36-9600-7B9B23972A98}"
EndProject
Project("{8BC9CEB8-8B4A-11D0-8D11-00A0C91BC942}") = "874. Walking Robot Simulation", "874. Walking Robot Simulation\874. Walking Robot Simulation.vcxproj", "{FEAF1658-9F90-46E1-ACAF-9C5E777A28C2}"
EndProject
Project("{8BC9CEB8-8B4A-11D0-8D11-00A0C91BC942}") = "893. Groups of Special-Equivalent Strings", "893. Groups of Special-Equivalent Strings\893. Groups of Special-Equivalent Strings.vcxproj", "{8030F9B4-FDA8-4DBF-9205-5604A381C260}"
EndProject
Project("{8BC9CEB8-8B4A-11D0-8D11-00A0C91BC942}") = "896. Monotonic Array", "896. Monotonic Array\896. Monotonic Array.vcxproj", "{AFE498BF-55A0-4D22-9EBD-1C1779045C9F}"
EndProject
Project("{8BC9CEB8-8B4A-11D0-8D11-00A0C91BC942}") = "1005. Maximize Sum Of Array After K Negations", "1005. Maximize Sum Of Array After K Negations\1005. Maximize Sum Of Array After K Negations.vcxproj", "{DCEF9E93-253D-4369-A73F-E558377BD085}"
EndProject
Project("{8BC9CEB8-8B4A-11D0-8D11-00A0C91BC942}") = "1006. Clumsy Factorial", "1006. Clumsy Factorial\1006. Clumsy Factorial.vcxproj", "{8375C197-5830-44C3-ABDD-45FA9498F8CA}"
EndProject
Project("{8BC9CEB8-8B4A-11D0-8D11-00A0C91BC942}") = "1104. Path In Zigzag Labelled Binary Tree", "1104. Path In Zigzag Labelled Binary Tree\1104. Path In Zigzag Labelled Binary Tree.vcxproj", "{C97B715A-882E-4C49-9171-973D8CFB3935}"
EndProject
Global
	GlobalSection(SolutionConfigurationPlatforms) = preSolution
		Debug|Any CPU = Debug|Any CPU
		Debug|x64 = Debug|x64
		Debug|x86 = Debug|x86
		Release|Any CPU = Release|Any CPU
		Release|x64 = Release|x64
		Release|x86 = Release|x86
	EndGlobalSection
	GlobalSection(ProjectConfigurationPlatforms) = postSolution
		{67A88A99-ABCC-438E-BE32-53FB2BC3A1E5}.Debug|Any CPU.ActiveCfg = Debug|Win32
		{67A88A99-ABCC-438E-BE32-53FB2BC3A1E5}.Debug|x64.ActiveCfg = Debug|x64
		{67A88A99-ABCC-438E-BE32-53FB2BC3A1E5}.Debug|x64.Build.0 = Debug|x64
		{67A88A99-ABCC-438E-BE32-53FB2BC3A1E5}.Debug|x86.ActiveCfg = Debug|Win32
		{67A88A99-ABCC-438E-BE32-53FB2BC3A1E5}.Debug|x86.Build.0 = Debug|Win32
		{67A88A99-ABCC-438E-BE32-53FB2BC3A1E5}.Release|Any CPU.ActiveCfg = Release|Win32
		{67A88A99-ABCC-438E-BE32-53FB2BC3A1E5}.Release|x64.ActiveCfg = Release|x64
		{67A88A99-ABCC-438E-BE32-53FB2BC3A1E5}.Release|x64.Build.0 = Release|x64
		{67A88A99-ABCC-438E-BE32-53FB2BC3A1E5}.Release|x86.ActiveCfg = Release|Win32
		{67A88A99-ABCC-438E-BE32-53FB2BC3A1E5}.Release|x86.Build.0 = Release|Win32
		{DA8498A8-7CE6-4D12-B9A0-1541AB790BDD}.Debug|Any CPU.ActiveCfg = Debug|Win32
		{DA8498A8-7CE6-4D12-B9A0-1541AB790BDD}.Debug|x64.ActiveCfg = Debug|x64
		{DA8498A8-7CE6-4D12-B9A0-1541AB790BDD}.Debug|x64.Build.0 = Debug|x64
		{DA8498A8-7CE6-4D12-B9A0-1541AB790BDD}.Debug|x86.ActiveCfg = Debug|Win32
		{DA8498A8-7CE6-4D12-B9A0-1541AB790BDD}.Debug|x86.Build.0 = Debug|Win32
		{DA8498A8-7CE6-4D12-B9A0-1541AB790BDD}.Release|Any CPU.ActiveCfg = Release|Win32
		{DA8498A8-7CE6-4D12-B9A0-1541AB790BDD}.Release|x64.ActiveCfg = Release|x64
		{DA8498A8-7CE6-4D12-B9A0-1541AB790BDD}.Release|x64.Build.0 = Release|x64
		{DA8498A8-7CE6-4D12-B9A0-1541AB790BDD}.Release|x86.ActiveCfg = Release|Win32
		{DA8498A8-7CE6-4D12-B9A0-1541AB790BDD}.Release|x86.Build.0 = Release|Win32
		{AF75BFBF-C2D0-4231-9D61-29DF983F14EA}.Debug|Any CPU.ActiveCfg = Debug|Win32
		{AF75BFBF-C2D0-4231-9D61-29DF983F14EA}.Debug|x64.ActiveCfg = Debug|x64
		{AF75BFBF-C2D0-4231-9D61-29DF983F14EA}.Debug|x64.Build.0 = Debug|x64
		{AF75BFBF-C2D0-4231-9D61-29DF983F14EA}.Debug|x86.ActiveCfg = Debug|Win32
		{AF75BFBF-C2D0-4231-9D61-29DF983F14EA}.Debug|x86.Build.0 = Debug|Win32
		{AF75BFBF-C2D0-4231-9D61-29DF983F14EA}.Release|Any CPU.ActiveCfg = Release|Win32
		{AF75BFBF-C2D0-4231-9D61-29DF983F14EA}.Release|x64.ActiveCfg = Release|x64
		{AF75BFBF-C2D0-4231-9D61-29DF983F14EA}.Release|x64.Build.0 = Release|x64
		{AF75BFBF-C2D0-4231-9D61-29DF983F14EA}.Release|x86.ActiveCfg = Release|Win32
		{AF75BFBF-C2D0-4231-9D61-29DF983F14EA}.Release|x86.Build.0 = Release|Win32
		{D9D20CCB-A7D5-464C-A6A2-6EC0C038D4F9}.Debug|Any CPU.ActiveCfg = Debug|Win32
		{D9D20CCB-A7D5-464C-A6A2-6EC0C038D4F9}.Debug|x64.ActiveCfg = Debug|x64
		{D9D20CCB-A7D5-464C-A6A2-6EC0C038D4F9}.Debug|x64.Build.0 = Debug|x64
		{D9D20CCB-A7D5-464C-A6A2-6EC0C038D4F9}.Debug|x86.ActiveCfg = Debug|Win32
		{D9D20CCB-A7D5-464C-A6A2-6EC0C038D4F9}.Debug|x86.Build.0 = Debug|Win32
		{D9D20CCB-A7D5-464C-A6A2-6EC0C038D4F9}.Release|Any CPU.ActiveCfg = Release|Win32
		{D9D20CCB-A7D5-464C-A6A2-6EC0C038D4F9}.Release|x64.ActiveCfg = Release|x64
		{D9D20CCB-A7D5-464C-A6A2-6EC0C038D4F9}.Release|x64.Build.0 = Release|x64
		{D9D20CCB-A7D5-464C-A6A2-6EC0C038D4F9}.Release|x86.ActiveCfg = Release|Win32
		{D9D20CCB-A7D5-464C-A6A2-6EC0C038D4F9}.Release|x86.Build.0 = Release|Win32
		{2343AF28-13EB-4218-8097-C9AC21976B4F}.Debug|Any CPU.ActiveCfg = Debug|Win32
		{2343AF28-13EB-4218-8097-C9AC21976B4F}.Debug|x64.ActiveCfg = Debug|x64
		{2343AF28-13EB-4218-8097-C9AC21976B4F}.Debug|x64.Build.0 = Debug|x64
		{2343AF28-13EB-4218-8097-C9AC21976B4F}.Debug|x86.ActiveCfg = Debug|Win32
		{2343AF28-13EB-4218-8097-C9AC21976B4F}.Debug|x86.Build.0 = Debug|Win32
		{2343AF28-13EB-4218-8097-C9AC21976B4F}.Release|Any CPU.ActiveCfg = Release|Win32
		{2343AF28-13EB-4218-8097-C9AC21976B4F}.Release|x64.ActiveCfg = Release|x64
		{2343AF28-13EB-4218-8097-C9AC21976B4F}.Release|x64.Build.0 = Release|x64
		{2343AF28-13EB-4218-8097-C9AC21976B4F}.Release|x86.ActiveCfg = Release|Win32
		{2343AF28-13EB-4218-8097-C9AC21976B4F}.Release|x86.Build.0 = Release|Win32
		{D68EA78C-4FFA-4A21-BA0F-8C9320A88DF3}.Debug|Any CPU.ActiveCfg = Debug|Win32
		{D68EA78C-4FFA-4A21-BA0F-8C9320A88DF3}.Debug|x64.ActiveCfg = Debug|x64
		{D68EA78C-4FFA-4A21-BA0F-8C9320A88DF3}.Debug|x64.Build.0 = Debug|x64
		{D68EA78C-4FFA-4A21-BA0F-8C9320A88DF3}.Debug|x86.ActiveCfg = Debug|Win32
		{D68EA78C-4FFA-4A21-BA0F-8C9320A88DF3}.Debug|x86.Build.0 = Debug|Win32
		{D68EA78C-4FFA-4A21-BA0F-8C9320A88DF3}.Release|Any CPU.ActiveCfg = Release|Win32
		{D68EA78C-4FFA-4A21-BA0F-8C9320A88DF3}.Release|x64.ActiveCfg = Release|x64
		{D68EA78C-4FFA-4A21-BA0F-8C9320A88DF3}.Release|x64.Build.0 = Release|x64
		{D68EA78C-4FFA-4A21-BA0F-8C9320A88DF3}.Release|x86.ActiveCfg = Release|Win32
		{D68EA78C-4FFA-4A21-BA0F-8C9320A88DF3}.Release|x86.Build.0 = Release|Win32
		{49E2B6E4-78F4-4BAD-832B-588C2826FB2E}.Debug|Any CPU.ActiveCfg = Debug|Win32
		{49E2B6E4-78F4-4BAD-832B-588C2826FB2E}.Debug|x64.ActiveCfg = Debug|x64
		{49E2B6E4-78F4-4BAD-832B-588C2826FB2E}.Debug|x64.Build.0 = Debug|x64
		{49E2B6E4-78F4-4BAD-832B-588C2826FB2E}.Debug|x86.ActiveCfg = Debug|Win32
		{49E2B6E4-78F4-4BAD-832B-588C2826FB2E}.Debug|x86.Build.0 = Debug|Win32
		{49E2B6E4-78F4-4BAD-832B-588C2826FB2E}.Release|Any CPU.ActiveCfg = Release|Win32
		{49E2B6E4-78F4-4BAD-832B-588C2826FB2E}.Release|x64.ActiveCfg = Release|x64
		{49E2B6E4-78F4-4BAD-832B-588C2826FB2E}.Release|x64.Build.0 = Release|x64
		{49E2B6E4-78F4-4BAD-832B-588C2826FB2E}.Release|x86.ActiveCfg = Release|Win32
		{49E2B6E4-78F4-4BAD-832B-588C2826FB2E}.Release|x86.Build.0 = Release|Win32
		{EDCD779E-96C8-4621-B91A-09CA02BD28F9}.Debug|Any CPU.ActiveCfg = Debug|Win32
		{EDCD779E-96C8-4621-B91A-09CA02BD28F9}.Debug|x64.ActiveCfg = Debug|x64
		{EDCD779E-96C8-4621-B91A-09CA02BD28F9}.Debug|x64.Build.0 = Debug|x64
		{EDCD779E-96C8-4621-B91A-09CA02BD28F9}.Debug|x86.ActiveCfg = Debug|Win32
		{EDCD779E-96C8-4621-B91A-09CA02BD28F9}.Debug|x86.Build.0 = Debug|Win32
		{EDCD779E-96C8-4621-B91A-09CA02BD28F9}.Release|Any CPU.ActiveCfg = Release|Win32
		{EDCD779E-96C8-4621-B91A-09CA02BD28F9}.Release|x64.ActiveCfg = Release|x64
		{EDCD779E-96C8-4621-B91A-09CA02BD28F9}.Release|x64.Build.0 = Release|x64
		{EDCD779E-96C8-4621-B91A-09CA02BD28F9}.Release|x86.ActiveCfg = Release|Win32
		{EDCD779E-96C8-4621-B91A-09CA02BD28F9}.Release|x86.Build.0 = Release|Win32
		{A42964DE-C5E9-47FF-9547-EE3D34A895E8}.Debug|Any CPU.ActiveCfg = Debug|Win32
		{A42964DE-C5E9-47FF-9547-EE3D34A895E8}.Debug|x64.ActiveCfg = Debug|x64
		{A42964DE-C5E9-47FF-9547-EE3D34A895E8}.Debug|x64.Build.0 = Debug|x64
		{A42964DE-C5E9-47FF-9547-EE3D34A895E8}.Debug|x86.ActiveCfg = Debug|Win32
		{A42964DE-C5E9-47FF-9547-EE3D34A895E8}.Debug|x86.Build.0 = Debug|Win32
		{A42964DE-C5E9-47FF-9547-EE3D34A895E8}.Release|Any CPU.ActiveCfg = Release|Win32
		{A42964DE-C5E9-47FF-9547-EE3D34A895E8}.Release|x64.ActiveCfg = Release|x64
		{A42964DE-C5E9-47FF-9547-EE3D34A895E8}.Release|x64.Build.0 = Release|x64
		{A42964DE-C5E9-47FF-9547-EE3D34A895E8}.Release|x86.ActiveCfg = Release|Win32
		{A42964DE-C5E9-47FF-9547-EE3D34A895E8}.Release|x86.Build.0 = Release|Win32
		{898CE159-B073-42F2-99D6-39D6F078378A}.Debug|Any CPU.ActiveCfg = Debug|Win32
		{898CE159-B073-42F2-99D6-39D6F078378A}.Debug|x64.ActiveCfg = Debug|x64
		{898CE159-B073-42F2-99D6-39D6F078378A}.Debug|x64.Build.0 = Debug|x64
		{898CE159-B073-42F2-99D6-39D6F078378A}.Debug|x86.ActiveCfg = Debug|Win32
		{898CE159-B073-42F2-99D6-39D6F078378A}.Debug|x86.Build.0 = Debug|Win32
		{898CE159-B073-42F2-99D6-39D6F078378A}.Release|Any CPU.ActiveCfg = Release|Win32
		{898CE159-B073-42F2-99D6-39D6F078378A}.Release|x64.ActiveCfg = Release|x64
		{898CE159-B073-42F2-99D6-39D6F078378A}.Release|x64.Build.0 = Release|x64
		{898CE159-B073-42F2-99D6-39D6F078378A}.Release|x86.ActiveCfg = Release|Win32
		{898CE159-B073-42F2-99D6-39D6F078378A}.Release|x86.Build.0 = Release|Win32
		{391044BE-02AC-452C-A7A0-88FEBBDF019E}.Debug|Any CPU.ActiveCfg = Debug|Win32
		{391044BE-02AC-452C-A7A0-88FEBBDF019E}.Debug|x64.ActiveCfg = Debug|x64
		{391044BE-02AC-452C-A7A0-88FEBBDF019E}.Debug|x64.Build.0 = Debug|x64
		{391044BE-02AC-452C-A7A0-88FEBBDF019E}.Debug|x86.ActiveCfg = Debug|Win32
		{391044BE-02AC-452C-A7A0-88FEBBDF019E}.Debug|x86.Build.0 = Debug|Win32
		{391044BE-02AC-452C-A7A0-88FEBBDF019E}.Release|Any CPU.ActiveCfg = Release|Win32
		{391044BE-02AC-452C-A7A0-88FEBBDF019E}.Release|x64.ActiveCfg = Release|x64
		{391044BE-02AC-452C-A7A0-88FEBBDF019E}.Release|x64.Build.0 = Release|x64
		{391044BE-02AC-452C-A7A0-88FEBBDF019E}.Release|x86.ActiveCfg = Release|Win32
		{391044BE-02AC-452C-A7A0-88FEBBDF019E}.Release|x86.Build.0 = Release|Win32
		{BBD1A162-8BB4-456A-8F7F-C956A5A5EFED}.Debug|Any CPU.ActiveCfg = Debug|Win32
		{BBD1A162-8BB4-456A-8F7F-C956A5A5EFED}.Debug|x64.ActiveCfg = Debug|x64
		{BBD1A162-8BB4-456A-8F7F-C956A5A5EFED}.Debug|x64.Build.0 = Debug|x64
		{BBD1A162-8BB4-456A-8F7F-C956A5A5EFED}.Debug|x86.ActiveCfg = Debug|Win32
		{BBD1A162-8BB4-456A-8F7F-C956A5A5EFED}.Debug|x86.Build.0 = Debug|Win32
		{BBD1A162-8BB4-456A-8F7F-C956A5A5EFED}.Release|Any CPU.ActiveCfg = Release|Win32
		{BBD1A162-8BB4-456A-8F7F-C956A5A5EFED}.Release|x64.ActiveCfg = Release|x64
		{BBD1A162-8BB4-456A-8F7F-C956A5A5EFED}.Release|x64.Build.0 = Release|x64
		{BBD1A162-8BB4-456A-8F7F-C956A5A5EFED}.Release|x86.ActiveCfg = Release|Win32
		{BBD1A162-8BB4-456A-8F7F-C956A5A5EFED}.Release|x86.Build.0 = Release|Win32
		{C143BFC4-6068-44D5-A898-1C971DBAC243}.Debug|Any CPU.ActiveCfg = Debug|Win32
		{C143BFC4-6068-44D5-A898-1C971DBAC243}.Debug|x64.ActiveCfg = Debug|x64
		{C143BFC4-6068-44D5-A898-1C971DBAC243}.Debug|x64.Build.0 = Debug|x64
		{C143BFC4-6068-44D5-A898-1C971DBAC243}.Debug|x86.ActiveCfg = Debug|Win32
		{C143BFC4-6068-44D5-A898-1C971DBAC243}.Debug|x86.Build.0 = Debug|Win32
		{C143BFC4-6068-44D5-A898-1C971DBAC243}.Release|Any CPU.ActiveCfg = Release|Win32
		{C143BFC4-6068-44D5-A898-1C971DBAC243}.Release|x64.ActiveCfg = Release|x64
		{C143BFC4-6068-44D5-A898-1C971DBAC243}.Release|x64.Build.0 = Release|x64
		{C143BFC4-6068-44D5-A898-1C971DBAC243}.Release|x86.ActiveCfg = Release|Win32
		{C143BFC4-6068-44D5-A898-1C971DBAC243}.Release|x86.Build.0 = Release|Win32
		{BA5FC05A-AD59-498C-B105-AA831253A7D4}.Debug|Any CPU.ActiveCfg = Debug|Win32
		{BA5FC05A-AD59-498C-B105-AA831253A7D4}.Debug|x64.ActiveCfg = Debug|x64
		{BA5FC05A-AD59-498C-B105-AA831253A7D4}.Debug|x64.Build.0 = Debug|x64
		{BA5FC05A-AD59-498C-B105-AA831253A7D4}.Debug|x86.ActiveCfg = Debug|Win32
		{BA5FC05A-AD59-498C-B105-AA831253A7D4}.Debug|x86.Build.0 = Debug|Win32
		{BA5FC05A-AD59-498C-B105-AA831253A7D4}.Release|Any CPU.ActiveCfg = Release|Win32
		{BA5FC05A-AD59-498C-B105-AA831253A7D4}.Release|x64.ActiveCfg = Release|x64
		{BA5FC05A-AD59-498C-B105-AA831253A7D4}.Release|x64.Build.0 = Release|x64
		{BA5FC05A-AD59-498C-B105-AA831253A7D4}.Release|x86.ActiveCfg = Release|Win32
		{BA5FC05A-AD59-498C-B105-AA831253A7D4}.Release|x86.Build.0 = Release|Win32
		{B49C8ED5-32A2-4822-9F67-720294380919}.Debug|Any CPU.ActiveCfg = Debug|Win32
		{B49C8ED5-32A2-4822-9F67-720294380919}.Debug|x64.ActiveCfg = Debug|x64
		{B49C8ED5-32A2-4822-9F67-720294380919}.Debug|x64.Build.0 = Debug|x64
		{B49C8ED5-32A2-4822-9F67-720294380919}.Debug|x86.ActiveCfg = Debug|Win32
		{B49C8ED5-32A2-4822-9F67-720294380919}.Debug|x86.Build.0 = Debug|Win32
		{B49C8ED5-32A2-4822-9F67-720294380919}.Release|Any CPU.ActiveCfg = Release|Win32
		{B49C8ED5-32A2-4822-9F67-720294380919}.Release|x64.ActiveCfg = Release|x64
		{B49C8ED5-32A2-4822-9F67-720294380919}.Release|x64.Build.0 = Release|x64
		{B49C8ED5-32A2-4822-9F67-720294380919}.Release|x86.ActiveCfg = Release|Win32
		{B49C8ED5-32A2-4822-9F67-720294380919}.Release|x86.Build.0 = Release|Win32
		{715DD892-2EE7-4574-A7C9-A5DC56A7343A}.Debug|Any CPU.ActiveCfg = Debug|Win32
		{715DD892-2EE7-4574-A7C9-A5DC56A7343A}.Debug|x64.ActiveCfg = Debug|x64
		{715DD892-2EE7-4574-A7C9-A5DC56A7343A}.Debug|x64.Build.0 = Debug|x64
		{715DD892-2EE7-4574-A7C9-A5DC56A7343A}.Debug|x86.ActiveCfg = Debug|Win32
		{715DD892-2EE7-4574-A7C9-A5DC56A7343A}.Debug|x86.Build.0 = Debug|Win32
		{715DD892-2EE7-4574-A7C9-A5DC56A7343A}.Release|Any CPU.ActiveCfg = Release|Win32
		{715DD892-2EE7-4574-A7C9-A5DC56A7343A}.Release|x64.ActiveCfg = Release|x64
		{715DD892-2EE7-4574-A7C9-A5DC56A7343A}.Release|x64.Build.0 = Release|x64
		{715DD892-2EE7-4574-A7C9-A5DC56A7343A}.Release|x86.ActiveCfg = Release|Win32
		{715DD892-2EE7-4574-A7C9-A5DC56A7343A}.Release|x86.Build.0 = Release|Win32
		{A149FF17-1376-4F09-9E22-518C5E9941FA}.Debug|Any CPU.ActiveCfg = Debug|Win32
		{A149FF17-1376-4F09-9E22-518C5E9941FA}.Debug|x64.ActiveCfg = Debug|x64
		{A149FF17-1376-4F09-9E22-518C5E9941FA}.Debug|x64.Build.0 = Debug|x64
		{A149FF17-1376-4F09-9E22-518C5E9941FA}.Debug|x86.ActiveCfg = Debug|Win32
		{A149FF17-1376-4F09-9E22-518C5E9941FA}.Debug|x86.Build.0 = Debug|Win32
		{A149FF17-1376-4F09-9E22-518C5E9941FA}.Release|Any CPU.ActiveCfg = Release|Win32
		{A149FF17-1376-4F09-9E22-518C5E9941FA}.Release|x64.ActiveCfg = Release|x64
		{A149FF17-1376-4F09-9E22-518C5E9941FA}.Release|x64.Build.0 = Release|x64
		{A149FF17-1376-4F09-9E22-518C5E9941FA}.Release|x86.ActiveCfg = Release|Win32
		{A149FF17-1376-4F09-9E22-518C5E9941FA}.Release|x86.Build.0 = Release|Win32
		{7C19F8F1-E302-4AB9-8975-50B6EB516C55}.Debug|Any CPU.ActiveCfg = Debug|Win32
		{7C19F8F1-E302-4AB9-8975-50B6EB516C55}.Debug|x64.ActiveCfg = Debug|x64
		{7C19F8F1-E302-4AB9-8975-50B6EB516C55}.Debug|x64.Build.0 = Debug|x64
		{7C19F8F1-E302-4AB9-8975-50B6EB516C55}.Debug|x86.ActiveCfg = Debug|Win32
		{7C19F8F1-E302-4AB9-8975-50B6EB516C55}.Debug|x86.Build.0 = Debug|Win32
		{7C19F8F1-E302-4AB9-8975-50B6EB516C55}.Release|Any CPU.ActiveCfg = Release|Win32
		{7C19F8F1-E302-4AB9-8975-50B6EB516C55}.Release|x64.ActiveCfg = Release|x64
		{7C19F8F1-E302-4AB9-8975-50B6EB516C55}.Release|x64.Build.0 = Release|x64
		{7C19F8F1-E302-4AB9-8975-50B6EB516C55}.Release|x86.ActiveCfg = Release|Win32
		{7C19F8F1-E302-4AB9-8975-50B6EB516C55}.Release|x86.Build.0 = Release|Win32
		{8AF53EA2-2BE1-4761-85A0-623D9BBAB8BB}.Debug|Any CPU.ActiveCfg = Debug|Win32
		{8AF53EA2-2BE1-4761-85A0-623D9BBAB8BB}.Debug|x64.ActiveCfg = Debug|x64
		{8AF53EA2-2BE1-4761-85A0-623D9BBAB8BB}.Debug|x64.Build.0 = Debug|x64
		{8AF53EA2-2BE1-4761-85A0-623D9BBAB8BB}.Debug|x86.ActiveCfg = Debug|Win32
		{8AF53EA2-2BE1-4761-85A0-623D9BBAB8BB}.Debug|x86.Build.0 = Debug|Win32
		{8AF53EA2-2BE1-4761-85A0-623D9BBAB8BB}.Release|Any CPU.ActiveCfg = Release|Win32
		{8AF53EA2-2BE1-4761-85A0-623D9BBAB8BB}.Release|x64.ActiveCfg = Release|x64
		{8AF53EA2-2BE1-4761-85A0-623D9BBAB8BB}.Release|x64.Build.0 = Release|x64
		{8AF53EA2-2BE1-4761-85A0-623D9BBAB8BB}.Release|x86.ActiveCfg = Release|Win32
		{8AF53EA2-2BE1-4761-85A0-623D9BBAB8BB}.Release|x86.Build.0 = Release|Win32
		{BBEC6907-BB2F-4FB5-9FDC-7C5D7D506B4B}.Debug|Any CPU.ActiveCfg = Debug|Win32
		{BBEC6907-BB2F-4FB5-9FDC-7C5D7D506B4B}.Debug|x64.ActiveCfg = Debug|x64
		{BBEC6907-BB2F-4FB5-9FDC-7C5D7D506B4B}.Debug|x64.Build.0 = Debug|x64
		{BBEC6907-BB2F-4FB5-9FDC-7C5D7D506B4B}.Debug|x86.ActiveCfg = Debug|Win32
		{BBEC6907-BB2F-4FB5-9FDC-7C5D7D506B4B}.Debug|x86.Build.0 = Debug|Win32
		{BBEC6907-BB2F-4FB5-9FDC-7C5D7D506B4B}.Release|Any CPU.ActiveCfg = Release|Win32
		{BBEC6907-BB2F-4FB5-9FDC-7C5D7D506B4B}.Release|x64.ActiveCfg = Release|x64
		{BBEC6907-BB2F-4FB5-9FDC-7C5D7D506B4B}.Release|x64.Build.0 = Release|x64
		{BBEC6907-BB2F-4FB5-9FDC-7C5D7D506B4B}.Release|x86.ActiveCfg = Release|Win32
		{BBEC6907-BB2F-4FB5-9FDC-7C5D7D506B4B}.Release|x86.Build.0 = Release|Win32
		{3BF3546A-7F71-4691-89A7-5CE5EC2AB02B}.Debug|Any CPU.ActiveCfg = Debug|Win32
		{3BF3546A-7F71-4691-89A7-5CE5EC2AB02B}.Debug|x64.ActiveCfg = Debug|x64
		{3BF3546A-7F71-4691-89A7-5CE5EC2AB02B}.Debug|x64.Build.0 = Debug|x64
		{3BF3546A-7F71-4691-89A7-5CE5EC2AB02B}.Debug|x86.ActiveCfg = Debug|Win32
		{3BF3546A-7F71-4691-89A7-5CE5EC2AB02B}.Debug|x86.Build.0 = Debug|Win32
		{3BF3546A-7F71-4691-89A7-5CE5EC2AB02B}.Release|Any CPU.ActiveCfg = Release|Win32
		{3BF3546A-7F71-4691-89A7-5CE5EC2AB02B}.Release|x64.ActiveCfg = Release|x64
		{3BF3546A-7F71-4691-89A7-5CE5EC2AB02B}.Release|x64.Build.0 = Release|x64
		{3BF3546A-7F71-4691-89A7-5CE5EC2AB02B}.Release|x86.ActiveCfg = Release|Win32
		{3BF3546A-7F71-4691-89A7-5CE5EC2AB02B}.Release|x86.Build.0 = Release|Win32
		{28A0AEAF-703B-4797-9BFA-D7B0D28ABE69}.Debug|Any CPU.ActiveCfg = Debug|Win32
		{28A0AEAF-703B-4797-9BFA-D7B0D28ABE69}.Debug|x64.ActiveCfg = Debug|x64
		{28A0AEAF-703B-4797-9BFA-D7B0D28ABE69}.Debug|x64.Build.0 = Debug|x64
		{28A0AEAF-703B-4797-9BFA-D7B0D28ABE69}.Debug|x86.ActiveCfg = Debug|Win32
		{28A0AEAF-703B-4797-9BFA-D7B0D28ABE69}.Debug|x86.Build.0 = Debug|Win32
		{28A0AEAF-703B-4797-9BFA-D7B0D28ABE69}.Release|Any CPU.ActiveCfg = Release|Win32
		{28A0AEAF-703B-4797-9BFA-D7B0D28ABE69}.Release|x64.ActiveCfg = Release|x64
		{28A0AEAF-703B-4797-9BFA-D7B0D28ABE69}.Release|x64.Build.0 = Release|x64
		{28A0AEAF-703B-4797-9BFA-D7B0D28ABE69}.Release|x86.ActiveCfg = Release|Win32
		{28A0AEAF-703B-4797-9BFA-D7B0D28ABE69}.Release|x86.Build.0 = Release|Win32
		{FAD67DD9-726C-4422-A844-F830F6669C67}.Debug|Any CPU.ActiveCfg = Debug|Win32
		{FAD67DD9-726C-4422-A844-F830F6669C67}.Debug|x64.ActiveCfg = Debug|x64
		{FAD67DD9-726C-4422-A844-F830F6669C67}.Debug|x64.Build.0 = Debug|x64
		{FAD67DD9-726C-4422-A844-F830F6669C67}.Debug|x86.ActiveCfg = Debug|Win32
		{FAD67DD9-726C-4422-A844-F830F6669C67}.Debug|x86.Build.0 = Debug|Win32
		{FAD67DD9-726C-4422-A844-F830F6669C67}.Release|Any CPU.ActiveCfg = Release|Win32
		{FAD67DD9-726C-4422-A844-F830F6669C67}.Release|x64.ActiveCfg = Release|x64
		{FAD67DD9-726C-4422-A844-F830F6669C67}.Release|x64.Build.0 = Release|x64
		{FAD67DD9-726C-4422-A844-F830F6669C67}.Release|x86.ActiveCfg = Release|Win32
		{FAD67DD9-726C-4422-A844-F830F6669C67}.Release|x86.Build.0 = Release|Win32
		{4D5BEA2F-1150-497F-B5C6-723F7DA82770}.Debug|Any CPU.ActiveCfg = Debug|Win32
		{4D5BEA2F-1150-497F-B5C6-723F7DA82770}.Debug|x64.ActiveCfg = Debug|x64
		{4D5BEA2F-1150-497F-B5C6-723F7DA82770}.Debug|x64.Build.0 = Debug|x64
		{4D5BEA2F-1150-497F-B5C6-723F7DA82770}.Debug|x86.ActiveCfg = Debug|Win32
		{4D5BEA2F-1150-497F-B5C6-723F7DA82770}.Debug|x86.Build.0 = Debug|Win32
		{4D5BEA2F-1150-497F-B5C6-723F7DA82770}.Release|Any CPU.ActiveCfg = Release|Win32
		{4D5BEA2F-1150-497F-B5C6-723F7DA82770}.Release|x64.ActiveCfg = Release|x64
		{4D5BEA2F-1150-497F-B5C6-723F7DA82770}.Release|x64.Build.0 = Release|x64
		{4D5BEA2F-1150-497F-B5C6-723F7DA82770}.Release|x86.ActiveCfg = Release|Win32
		{4D5BEA2F-1150-497F-B5C6-723F7DA82770}.Release|x86.Build.0 = Release|Win32
		{2CBB6475-F975-4358-A495-95CBA09C85CF}.Debug|Any CPU.ActiveCfg = Debug|Win32
		{2CBB6475-F975-4358-A495-95CBA09C85CF}.Debug|x64.ActiveCfg = Debug|x64
		{2CBB6475-F975-4358-A495-95CBA09C85CF}.Debug|x64.Build.0 = Debug|x64
		{2CBB6475-F975-4358-A495-95CBA09C85CF}.Debug|x86.ActiveCfg = Debug|Win32
		{2CBB6475-F975-4358-A495-95CBA09C85CF}.Debug|x86.Build.0 = Debug|Win32
		{2CBB6475-F975-4358-A495-95CBA09C85CF}.Release|Any CPU.ActiveCfg = Release|Win32
		{2CBB6475-F975-4358-A495-95CBA09C85CF}.Release|x64.ActiveCfg = Release|x64
		{2CBB6475-F975-4358-A495-95CBA09C85CF}.Release|x64.Build.0 = Release|x64
		{2CBB6475-F975-4358-A495-95CBA09C85CF}.Release|x86.ActiveCfg = Release|Win32
		{2CBB6475-F975-4358-A495-95CBA09C85CF}.Release|x86.Build.0 = Release|Win32
		{068D6F4C-7217-4B41-B127-06AC1EC90A74}.Debug|Any CPU.ActiveCfg = Debug|Win32
		{068D6F4C-7217-4B41-B127-06AC1EC90A74}.Debug|x64.ActiveCfg = Debug|x64
		{068D6F4C-7217-4B41-B127-06AC1EC90A74}.Debug|x64.Build.0 = Debug|x64
		{068D6F4C-7217-4B41-B127-06AC1EC90A74}.Debug|x86.ActiveCfg = Debug|Win32
		{068D6F4C-7217-4B41-B127-06AC1EC90A74}.Debug|x86.Build.0 = Debug|Win32
		{068D6F4C-7217-4B41-B127-06AC1EC90A74}.Release|Any CPU.ActiveCfg = Release|Win32
		{068D6F4C-7217-4B41-B127-06AC1EC90A74}.Release|x64.ActiveCfg = Release|x64
		{068D6F4C-7217-4B41-B127-06AC1EC90A74}.Release|x64.Build.0 = Release|x64
		{068D6F4C-7217-4B41-B127-06AC1EC90A74}.Release|x86.ActiveCfg = Release|Win32
		{068D6F4C-7217-4B41-B127-06AC1EC90A74}.Release|x86.Build.0 = Release|Win32
		{8F690EBA-E436-4B36-9600-7B9B23972A98}.Debug|Any CPU.ActiveCfg = Debug|Win32
		{8F690EBA-E436-4B36-9600-7B9B23972A98}.Debug|x64.ActiveCfg = Debug|x64
		{8F690EBA-E436-4B36-9600-7B9B23972A98}.Debug|x64.Build.0 = Debug|x64
		{8F690EBA-E436-4B36-9600-7B9B23972A98}.Debug|x86.ActiveCfg = Debug|Win32
		{8F690EBA-E436-4B36-9600-7B9B23972A98}.Debug|x86.Build.0 = Debug|Win32
		{8F690EBA-E436-4B36-9600-7B9B23972A98}.Release|Any CPU.ActiveCfg = Release|Win32
		{8F690EBA-E436-4B36-9600-7B9B23972A98}.Release|x64.ActiveCfg = Release|x64
		{8F690EBA-E436-4B36-9600-7B9B23972A98}.Release|x64.Build.0 = Release|x64
		{8F690EBA-E436-4B36-9600-7B9B23972A98}.Release|x86.ActiveCfg = Release|Win32
		{8F690EBA-E436-4B36-9600-7B9B23972A98}.Release|x86.Build.0 = Release|Win32
		{FEAF1658-9F90-46E1-ACAF-9C5E777A28C2}.Debug|Any CPU.ActiveCfg = Debug|Win32
		{FEAF1658-9F90-46E1-ACAF-9C5E777A28C2}.Debug|x64.ActiveCfg = Debug|x64
		{FEAF1658-9F90-46E1-ACAF-9C5E777A28C2}.Debug|x64.Build.0 = Debug|x64
		{FEAF1658-9F90-46E1-ACAF-9C5E777A28C2}.Debug|x86.ActiveCfg = Debug|Win32
		{FEAF1658-9F90-46E1-ACAF-9C5E777A28C2}.Debug|x86.Build.0 = Debug|Win32
		{FEAF1658-9F90-46E1-ACAF-9C5E777A28C2}.Release|Any CPU.ActiveCfg = Release|Win32
		{FEAF1658-9F90-46E1-ACAF-9C5E777A28C2}.Release|x64.ActiveCfg = Release|x64
		{FEAF1658-9F90-46E1-ACAF-9C5E777A28C2}.Release|x64.Build.0 = Release|x64
		{FEAF1658-9F90-46E1-ACAF-9C5E777A28C2}.Release|x86.ActiveCfg = Release|Win32
		{FEAF1658-9F90-46E1-ACAF-9C5E777A28C2}.Release|x86.Build.0 = Release|Win32
		{8030F9B4-FDA8-4DBF-9205-5604A381C260}.Debug|Any CPU.ActiveCfg = Debug|Win32
		{8030F9B4-FDA8-4DBF-9205-5604A381C260}.Debug|x64.ActiveCfg = Debug|x64
		{8030F9B4-FDA8-4DBF-9205-5604A381C260}.Debug|x64.Build.0 = Debug|x64
		{8030F9B4-FDA8-4DBF-9205-5604A381C260}.Debug|x86.ActiveCfg = Debug|Win32
		{8030F9B4-FDA8-4DBF-9205-5604A381C260}.Debug|x86.Build.0 = Debug|Win32
		{8030F9B4-FDA8-4DBF-9205-5604A381C260}.Release|Any CPU.ActiveCfg = Release|Win32
		{8030F9B4-FDA8-4DBF-9205-5604A381C260}.Release|x64.ActiveCfg = Release|x64
		{8030F9B4-FDA8-4DBF-9205-5604A381C260}.Release|x64.Build.0 = Release|x64
		{8030F9B4-FDA8-4DBF-9205-5604A381C260}.Release|x86.ActiveCfg = Release|Win32
		{8030F9B4-FDA8-4DBF-9205-5604A381C260}.Release|x86.Build.0 = Release|Win32
		{AFE498BF-55A0-4D22-9EBD-1C1779045C9F}.Debug|Any CPU.ActiveCfg = Debug|Win32
		{AFE498BF-55A0-4D22-9EBD-1C1779045C9F}.Debug|x64.ActiveCfg = Debug|x64
		{AFE498BF-55A0-4D22-9EBD-1C1779045C9F}.Debug|x64.Build.0 = Debug|x64
		{AFE498BF-55A0-4D22-9EBD-1C1779045C9F}.Debug|x86.ActiveCfg = Debug|Win32
		{AFE498BF-55A0-4D22-9EBD-1C1779045C9F}.Debug|x86.Build.0 = Debug|Win32
		{AFE498BF-55A0-4D22-9EBD-1C1779045C9F}.Release|Any CPU.ActiveCfg = Release|Win32
		{AFE498BF-55A0-4D22-9EBD-1C1779045C9F}.Release|x64.ActiveCfg = Release|x64
		{AFE498BF-55A0-4D22-9EBD-1C1779045C9F}.Release|x64.Build.0 = Release|x64
		{AFE498BF-55A0-4D22-9EBD-1C1779045C9F}.Release|x86.ActiveCfg = Release|Win32
		{AFE498BF-55A0-4D22-9EBD-1C1779045C9F}.Release|x86.Build.0 = Release|Win32
		{DCEF9E93-253D-4369-A73F-E558377BD085}.Debug|Any CPU.ActiveCfg = Debug|Win32
		{DCEF9E93-253D-4369-A73F-E558377BD085}.Debug|x64.ActiveCfg = Debug|x64
		{DCEF9E93-253D-4369-A73F-E558377BD085}.Debug|x64.Build.0 = Debug|x64
		{DCEF9E93-253D-4369-A73F-E558377BD085}.Debug|x86.ActiveCfg = Debug|Win32
		{DCEF9E93-253D-4369-A73F-E558377BD085}.Debug|x86.Build.0 = Debug|Win32
		{DCEF9E93-253D-4369-A73F-E558377BD085}.Release|Any CPU.ActiveCfg = Release|Win32
		{DCEF9E93-253D-4369-A73F-E558377BD085}.Release|x64.ActiveCfg = Release|x64
		{DCEF9E93-253D-4369-A73F-E558377BD085}.Release|x64.Build.0 = Release|x64
		{DCEF9E93-253D-4369-A73F-E558377BD085}.Release|x86.ActiveCfg = Release|Win32
		{DCEF9E93-253D-4369-A73F-E558377BD085}.Release|x86.Build.0 = Release|Win32
		{8375C197-5830-44C3-ABDD-45FA9498F8CA}.Debug|Any CPU.ActiveCfg = Debug|Win32
		{8375C197-5830-44C3-ABDD-45FA9498F8CA}.Debug|x64.ActiveCfg = Debug|x64
		{8375C197-5830-44C3-ABDD-45FA9498F8CA}.Debug|x64.Build.0 = Debug|x64
		{8375C197-5830-44C3-ABDD-45FA9498F8CA}.Debug|x86.ActiveCfg = Debug|Win32
		{8375C197-5830-44C3-ABDD-45FA9498F8CA}.Debug|x86.Build.0 = Debug|Win32
		{8375C197-5830-44C3-ABDD-45FA9498F8CA}.Release|Any CPU.ActiveCfg = Release|Win32
		{8375C197-5830-44C3-ABDD-45FA9498F8CA}.Release|x64.ActiveCfg = Release|x64
		{8375C197-5830-44C3-ABDD-45FA9498F8CA}.Release|x64.Build.0 = Release|x64
		{8375C197-5830-44C3-ABDD-45FA9498F8CA}.Release|x86.ActiveCfg = Release|Win32
		{8375C197-5830-44C3-ABDD-45FA9498F8CA}.Release|x86.Build.0 = Release|Win32
		{C97B715A-882E-4C49-9171-973D8CFB3935}.Debug|Any CPU.ActiveCfg = Debug|Win32
		{C97B715A-882E-4C49-9171-973D8CFB3935}.Debug|x64.ActiveCfg = Debug|x64
		{C97B715A-882E-4C49-9171-973D8CFB3935}.Debug|x64.Build.0 = Debug|x64
		{C97B715A-882E-4C49-9171-973D8CFB3935}.Debug|x86.ActiveCfg = Debug|Win32
		{C97B715A-882E-4C49-9171-973D8CFB3935}.Debug|x86.Build.0 = Debug|Win32
		{C97B715A-882E-4C49-9171-973D8CFB3935}.Release|Any CPU.ActiveCfg = Release|Win32
		{C97B715A-882E-4C49-9171-973D8CFB3935}.Release|x64.ActiveCfg = Release|x64
		{C97B715A-882E-4C49-9171-973D8CFB3935}.Release|x64.Build.0 = Release|x64
		{C97B715A-882E-4C49-9171-973D8CFB3935}.Release|x86.ActiveCfg = Release|Win32
		{C97B715A-882E-4C49-9171-973D8CFB3935}.Release|x86.Build.0 = Release|Win32
	EndGlobalSection
	GlobalSection(SolutionProperties) = preSolution
		HideSolutionNode = FALSE
	EndGlobalSection
	GlobalSection(ExtensibilityGlobals) = postSolution
		SolutionGuid = {F91FA2E7-209D-4DC3-A624-D480AFA52184}
	EndGlobalSection
EndGlobal
